
Microsoft Visual Studio Solution File, Format Version 12.00
# Visual Studio Version 16
VisualStudioVersion = 16.0.29728.190
MinimumVisualStudioVersion = 10.0.40219.1
Project("{FAE04EC0-301F-11D3-BF4B-00C04F79EFBC}") = "FieldmanFinancial", "FieldmanFinancial\FieldmanFinancial.csproj", "{EFE101FF-F619-432E-97FD-2F2E9E29A516}"
EndProject
Global
	GlobalSection(SolutionConfigurationPlatforms) = preSolution
		Debug|Any CPU = Debug|Any CPU
		Release|Any CPU = Release|Any CPU
	EndGlobalSection
	GlobalSection(ProjectConfigurationPlatforms) = postSolution
		{EFE101FF-F619-432E-97FD-2F2E9E29A516}.Debug|Any CPU.ActiveCfg = Debug|Any CPU
		{EFE101FF-F619-432E-97FD-2F2E9E29A516}.Debug|Any CPU.Build.0 = Debug|Any CPU
		{EFE101FF-F619-432E-97FD-2F2E9E29A516}.Release|Any CPU.ActiveCfg = Release|Any CPU
		{EFE101FF-F619-432E-97FD-2F2E9E29A516}.Release|Any CPU.Build.0 = Release|Any CPU
	EndGlobalSection
	GlobalSection(SolutionProperties) = preSolution
		HideSolutionNode = FALSE
	EndGlobalSection
	GlobalSection(ExtensibilityGlobals) = postSolution
		SolutionGuid = {F0DDB906-F201-45A1-B384-95D7FD2E89ED}
	EndGlobalSection
EndGlobal
